
Microsoft Visual Studio Solution File, Format Version 12.00
# Visual Studio Version 17
VisualStudioVersion = 17.7.34031.279
MinimumVisualStudioVersion = 10.0.40219.1
Project("{9A19103F-16F7-4668-BE54-9A1E7A4F7556}") = "Multas", "Multas.csproj", "{482D4027-2CF5-4DFB-A8D7-10E10278D1B6}"
EndProject
Global
	GlobalSection(SolutionConfigurationPlatforms) = preSolution
		Debug|Any CPU = Debug|Any CPU
		Release|Any CPU = Release|Any CPU
	EndGlobalSection
	GlobalSection(ProjectConfigurationPlatforms) = postSolution
		{482D4027-2CF5-4DFB-A8D7-10E10278D1B6}.Debug|Any CPU.ActiveCfg = Debug|Any CPU
		{482D4027-2CF5-4DFB-A8D7-10E10278D1B6}.Debug|Any CPU.Build.0 = Debug|Any CPU
		{482D4027-2CF5-4DFB-A8D7-10E10278D1B6}.Release|Any CPU.ActiveCfg = Release|Any CPU
		{482D4027-2CF5-4DFB-A8D7-10E10278D1B6}.Release|Any CPU.Build.0 = Release|Any CPU
	EndGlobalSection
	GlobalSection(SolutionProperties) = preSolution
		HideSolutionNode = FALSE
	EndGlobalSection
	GlobalSection(ExtensibilityGlobals) = postSolution
		SolutionGuid = {F44BD80B-44E0-4BAB-88FF-AAE7F6725F6E}
	EndGlobalSection
EndGlobal
